github.com/keep94/securecookie v0.1.1 h1:mE0byVoxSWXByR+RroDw2o9nM84W4cDM5IqioOSHw1o=
github.com/keep94/securecookie v0.1.1/go.mod h1:pJC1AUsh/C3uCqswdODRn+5w6/0Ezy+3QKKKf6hAcCU=
github.com/keep94/sessions v0.1.0 h1:sKY/ZVox4+SBTfwGnZ54zeLPCUI3HfGqT/w4sFXzHEI=
github.com/keep94/sessions v0.1.0/go.mod h1:xV8BxgCZFYA8E1+kaO5jMVI8x+/wr5Qe+M4rhaCgmj4=
